
Microsoft Visual Studio Solution File, Format Version 12.00
# Visual Studio 15
VisualStudioVersion = 15.0.27130.2027
MinimumVisualStudioVersion = 10.0.40219.1
Project("{FAE04EC0-301F-11D3-BF4B-00C04F79EFBC}") = "SuperStopmper", "SuperStopmper\SuperStopmper.csproj", "{35A08A53-E93F-45E5-B490-BABE665BB60C}"
EndProject
Global
	GlobalSection(SolutionConfigurationPlatforms) = preSolution
		Debug|Any CPU = Debug|Any CPU
		Release|Any CPU = Release|Any CPU
	EndGlobalSection
	GlobalSection(ProjectConfigurationPlatforms) = postSolution
		{35A08A53-E93F-45E5-B490-BABE665BB60C}.Debug|Any CPU.ActiveCfg = Debug|Any CPU
		{35A08A53-E93F-45E5-B490-BABE665BB60C}.Debug|Any CPU.Build.0 = Debug|Any CPU
		{35A08A53-E93F-45E5-B490-BABE665BB60C}.Release|Any CPU.ActiveCfg = Release|Any CPU
		{35A08A53-E93F-45E5-B490-BABE665BB60C}.Release|Any CPU.Build.0 = Release|Any CPU
	EndGlobalSection
	GlobalSection(SolutionProperties) = preSolution
		HideSolutionNode = FALSE
	EndGlobalSection
	GlobalSection(ExtensibilityGlobals) = postSolution
		SolutionGuid = {A4F688C1-3C22-451D-8AE8-FAD0AC4198EC}
	EndGlobalSection
EndGlobal
