
Microsoft Visual Studio Solution File, Format Version 12.00
# Visual Studio 15
VisualStudioVersion = 15.0.27130.2027
MinimumVisualStudioVersion = 10.0.40219.1
Project("{FAE04EC0-301F-11D3-BF4B-00C04F79EFBC}") = "CloudCompute", "CloudCompute.csproj", "{27485ED5-B2D4-498F-B0DD-A8CDC7DDCB96}"
EndProject
Global
	GlobalSection(SolutionConfigurationPlatforms) = preSolution
		Debug|Any CPU = Debug|Any CPU
		Release|Any CPU = Release|Any CPU
	EndGlobalSection
	GlobalSection(ProjectConfigurationPlatforms) = postSolution
		{27485ED5-B2D4-498F-B0DD-A8CDC7DDCB96}.Debug|Any CPU.ActiveCfg = Debug|Any CPU
		{27485ED5-B2D4-498F-B0DD-A8CDC7DDCB96}.Debug|Any CPU.Build.0 = Debug|Any CPU
		{27485ED5-B2D4-498F-B0DD-A8CDC7DDCB96}.Release|Any CPU.ActiveCfg = Release|Any CPU
		{27485ED5-B2D4-498F-B0DD-A8CDC7DDCB96}.Release|Any CPU.Build.0 = Release|Any CPU
	EndGlobalSection
	GlobalSection(SolutionProperties) = preSolution
		HideSolutionNode = FALSE
	EndGlobalSection
	GlobalSection(ExtensibilityGlobals) = postSolution
		SolutionGuid = {440E0635-3A21-43F9-AE4F-20D289D9D3C4}
	EndGlobalSection
EndGlobal
